
Microsoft Visual Studio Solution File, Format Version 12.00
# Visual Studio 15
VisualStudioVersion = 15.0.27703.2026
MinimumVisualStudioVersion = 10.0.40219.1
Project("{FAE04EC0-301F-11D3-BF4B-00C04F79EFBC}") = "SolvingAlgorithms", "szd1\SolvingAlgorithms.csproj", "{569E744C-112A-4998-AECA-86873F4A98B7}"
EndProject
Project("{FAE04EC0-301F-11D3-BF4B-00C04F79EFBC}") = "UnitTestProject", "UnitTestProject\UnitTestProject.csproj", "{48E76BF7-BC12-4D98-AAEB-4A36260667E4}"
EndProject
Project("{FAE04EC0-301F-11D3-BF4B-00C04F79EFBC}") = "CodedUITestProject", "CodedUITestProject\CodedUITestProject.csproj", "{48076326-71BA-4419-9E22-9B1379ECB210}"
EndProject
Project("{C7167F0D-BC9F-4E6E-AFE1-012C56B48DB5}") = "Packaging", "Packaging\Packaging.wapproj", "{63802E77-2B67-43CC-B2A1-50CF1E710671}"
EndProject
Global
	GlobalSection(SolutionConfigurationPlatforms) = preSolution
		Debug|Any CPU = Debug|Any CPU
		Debug|ARM = Debug|ARM
		Debug|ARM64 = Debug|ARM64
		Debug|x64 = Debug|x64
		Debug|x86 = Debug|x86
		Release|Any CPU = Release|Any CPU
		Release|ARM = Release|ARM
		Release|ARM64 = Release|ARM64
		Release|x64 = Release|x64
		Release|x86 = Release|x86
	EndGlobalSection
	GlobalSection(ProjectConfigurationPlatforms) = postSolution
		{569E744C-112A-4998-AECA-86873F4A98B7}.Debug|Any CPU.ActiveCfg = Debug|x86
		{569E744C-112A-4998-AECA-86873F4A98B7}.Debug|ARM.ActiveCfg = Debug|ARM
		{569E744C-112A-4998-AECA-86873F4A98B7}.Debug|ARM.Build.0 = Debug|ARM
		{569E744C-112A-4998-AECA-86873F4A98B7}.Debug|ARM.Deploy.0 = Debug|ARM
		{569E744C-112A-4998-AECA-86873F4A98B7}.Debug|ARM64.ActiveCfg = Debug|x86
		{569E744C-112A-4998-AECA-86873F4A98B7}.Debug|x64.ActiveCfg = Debug|x64
		{569E744C-112A-4998-AECA-86873F4A98B7}.Debug|x64.Build.0 = Debug|x64
		{569E744C-112A-4998-AECA-86873F4A98B7}.Debug|x64.Deploy.0 = Debug|x64
		{569E744C-112A-4998-AECA-86873F4A98B7}.Debug|x86.ActiveCfg = Debug|x86
		{569E744C-112A-4998-AECA-86873F4A98B7}.Debug|x86.Build.0 = Debug|x86
		{569E744C-112A-4998-AECA-86873F4A98B7}.Debug|x86.Deploy.0 = Debug|x86
		{569E744C-112A-4998-AECA-86873F4A98B7}.Release|Any CPU.ActiveCfg = Release|x86
		{569E744C-112A-4998-AECA-86873F4A98B7}.Release|ARM.ActiveCfg = Release|ARM
		{569E744C-112A-4998-AECA-86873F4A98B7}.Release|ARM.Build.0 = Release|ARM
		{569E744C-112A-4998-AECA-86873F4A98B7}.Release|ARM.Deploy.0 = Release|ARM
		{569E744C-112A-4998-AECA-86873F4A98B7}.Release|ARM64.ActiveCfg = Release|x86
		{569E744C-112A-4998-AECA-86873F4A98B7}.Release|x64.ActiveCfg = Release|x64
		{569E744C-112A-4998-AECA-86873F4A98B7}.Release|x64.Build.0 = Release|x64
		{569E744C-112A-4998-AECA-86873F4A98B7}.Release|x64.Deploy.0 = Release|x64
		{569E744C-112A-4998-AECA-86873F4A98B7}.Release|x86.ActiveCfg = Release|x86
		{569E744C-112A-4998-AECA-86873F4A98B7}.Release|x86.Build.0 = Release|x86
		{569E744C-112A-4998-AECA-86873F4A98B7}.Release|x86.Deploy.0 = Release|x86
		{48E76BF7-BC12-4D98-AAEB-4A36260667E4}.Debug|Any CPU.ActiveCfg = Debug|x86
		{48E76BF7-BC12-4D98-AAEB-4A36260667E4}.Debug|ARM.ActiveCfg = Debug|ARM
		{48E76BF7-BC12-4D98-AAEB-4A36260667E4}.Debug|ARM.Build.0 = Debug|ARM
		{48E76BF7-BC12-4D98-AAEB-4A36260667E4}.Debug|ARM.Deploy.0 = Debug|ARM
		{48E76BF7-BC12-4D98-AAEB-4A36260667E4}.Debug|ARM64.ActiveCfg = Debug|ARM64
		{48E76BF7-BC12-4D98-AAEB-4A36260667E4}.Debug|ARM64.Build.0 = Debug|ARM64
		{48E76BF7-BC12-4D98-AAEB-4A36260667E4}.Debug|ARM64.Deploy.0 = Debug|ARM64
		{48E76BF7-BC12-4D98-AAEB-4A36260667E4}.Debug|x64.ActiveCfg = Debug|x64
		{48E76BF7-BC12-4D98-AAEB-4A36260667E4}.Debug|x64.Build.0 = Debug|x64
		{48E76BF7-BC12-4D98-AAEB-4A36260667E4}.Debug|x64.Deploy.0 = Debug|x64
		{48E76BF7-BC12-4D98-AAEB-4A36260667E4}.Debug|x86.ActiveCfg = Debug|x86
		{48E76BF7-BC12-4D98-AAEB-4A36260667E4}.Debug|x86.Build.0 = Debug|x86
		{48E76BF7-BC12-4D98-AAEB-4A36260667E4}.Debug|x86.Deploy.0 = Debug|x86
		{48E76BF7-BC12-4D98-AAEB-4A36260667E4}.Release|Any CPU.ActiveCfg = Release|x86
		{48E76BF7-BC12-4D98-AAEB-4A36260667E4}.Release|ARM.ActiveCfg = Release|ARM
		{48E76BF7-BC12-4D98-AAEB-4A36260667E4}.Release|ARM.Build.0 = Release|ARM
		{48E76BF7-BC12-4D98-AAEB-4A36260667E4}.Release|ARM.Deploy.0 = Release|ARM
		{48E76BF7-BC12-4D98-AAEB-4A36260667E4}.Release|ARM64.ActiveCfg = Release|ARM64
		{48E76BF7-BC12-4D98-AAEB-4A36260667E4}.Release|ARM64.Build.0 = Release|ARM64
		{48E76BF7-BC12-4D98-AAEB-4A36260667E4}.Release|ARM64.Deploy.0 = Release|ARM64
		{48E76BF7-BC12-4D98-AAEB-4A36260667E4}.Release|x64.ActiveCfg = Release|x64
		{48E76BF7-BC12-4D98-AAEB-4A36260667E4}.Release|x64.Build.0 = Release|x64
		{48E76BF7-BC12-4D98-AAEB-4A36260667E4}.Release|x64.Deploy.0 = Release|x64
		{48E76BF7-BC12-4D98-AAEB-4A36260667E4}.Release|x86.ActiveCfg = Release|x86
		{48E76BF7-BC12-4D98-AAEB-4A36260667E4}.Release|x86.Build.0 = Release|x86
		{48E76BF7-BC12-4D98-AAEB-4A36260667E4}.Release|x86.Deploy.0 = Release|x86
		{48076326-71BA-4419-9E22-9B1379ECB210}.Debug|Any CPU.ActiveCfg = Debug|Any CPU
		{48076326-71BA-4419-9E22-9B1379ECB210}.Debug|Any CPU.Build.0 = Debug|Any CPU
		{48076326-71BA-4419-9E22-9B1379ECB210}.Debug|ARM.ActiveCfg = Debug|Any CPU
		{48076326-71BA-4419-9E22-9B1379ECB210}.Debug|ARM.Build.0 = Debug|Any CPU
		{48076326-71BA-4419-9E22-9B1379ECB210}.Debug|ARM64.ActiveCfg = Debug|Any CPU
		{48076326-71BA-4419-9E22-9B1379ECB210}.Debug|ARM64.Build.0 = Debug|Any CPU
		{48076326-71BA-4419-9E22-9B1379ECB210}.Debug|x64.ActiveCfg = Debug|Any CPU
		{48076326-71BA-4419-9E22-9B1379ECB210}.Debug|x64.Build.0 = Debug|Any CPU
		{48076326-71BA-4419-9E22-9B1379ECB210}.Debug|x86.ActiveCfg = Debug|Any CPU
		{48076326-71BA-4419-9E22-9B1379ECB210}.Debug|x86.Build.0 = Debug|Any CPU
		{48076326-71BA-4419-9E22-9B1379ECB210}.Release|Any CPU.ActiveCfg = Release|Any CPU
		{48076326-71BA-4419-9E22-9B1379ECB210}.Release|Any CPU.Build.0 = Release|Any CPU
		{48076326-71BA-4419-9E22-9B1379ECB210}.Release|ARM.ActiveCfg = Release|Any CPU
		{48076326-71BA-4419-9E22-9B1379ECB210}.Release|ARM.Build.0 = Release|Any CPU
		{48076326-71BA-4419-9E22-9B1379ECB210}.Release|ARM64.ActiveCfg = Release|Any CPU
		{48076326-71BA-4419-9E22-9B1379ECB210}.Release|ARM64.Build.0 = Release|Any CPU
		{48076326-71BA-4419-9E22-9B1379ECB210}.Release|x64.ActiveCfg = Release|Any CPU
		{48076326-71BA-4419-9E22-9B1379ECB210}.Release|x64.Build.0 = Release|Any CPU
		{48076326-71BA-4419-9E22-9B1379ECB210}.Release|x86.ActiveCfg = Release|Any CPU
		{48076326-71BA-4419-9E22-9B1379ECB210}.Release|x86.Build.0 = Release|Any CPU
		{63802E77-2B67-43CC-B2A1-50CF1E710671}.Debug|Any CPU.ActiveCfg = Debug|Any CPU
		{63802E77-2B67-43CC-B2A1-50CF1E710671}.Debug|Any CPU.Build.0 = Debug|Any CPU
		{63802E77-2B67-43CC-B2A1-50CF1E710671}.Debug|Any CPU.Deploy.0 = Debug|Any CPU
		{63802E77-2B67-43CC-B2A1-50CF1E710671}.Debug|ARM.ActiveCfg = Debug|Any CPU
		{63802E77-2B67-43CC-B2A1-50CF1E710671}.Debug|ARM.Build.0 = Debug|Any CPU
		{63802E77-2B67-43CC-B2A1-50CF1E710671}.Debug|ARM.Deploy.0 = Debug|Any CPU
		{63802E77-2B67-43CC-B2A1-50CF1E710671}.Debug|ARM64.ActiveCfg = Debug|Any CPU
		{63802E77-2B67-43CC-B2A1-50CF1E710671}.Debug|ARM64.Build.0 = Debug|Any CPU
		{63802E77-2B67-43CC-B2A1-50CF1E710671}.Debug|ARM64.Deploy.0 = Debug|Any CPU
		{63802E77-2B67-43CC-B2A1-50CF1E710671}.Debug|x64.ActiveCfg = Debug|x64
		{63802E77-2B67-43CC-B2A1-50CF1E710671}.Debug|x64.Build.0 = Debug|x64
		{63802E77-2B67-43CC-B2A1-50CF1E710671}.Debug|x64.Deploy.0 = Debug|x64
		{63802E77-2B67-43CC-B2A1-50CF1E710671}.Debug|x86.ActiveCfg = Debug|x86
		{63802E77-2B67-43CC-B2A1-50CF1E710671}.Debug|x86.Build.0 = Debug|x86
		{63802E77-2B67-43CC-B2A1-50CF1E710671}.Debug|x86.Deploy.0 = Debug|x86
		{63802E77-2B67-43CC-B2A1-50CF1E710671}.Release|Any CPU.ActiveCfg = Release|Any CPU
		{63802E77-2B67-43CC-B2A1-50CF1E710671}.Release|Any CPU.Build.0 = Release|Any CPU
		{63802E77-2B67-43CC-B2A1-50CF1E710671}.Release|Any CPU.Deploy.0 = Release|Any CPU
		{63802E77-2B67-43CC-B2A1-50CF1E710671}.Release|ARM.ActiveCfg = Release|Any CPU
		{63802E77-2B67-43CC-B2A1-50CF1E710671}.Release|ARM.Build.0 = Release|Any CPU
		{63802E77-2B67-43CC-B2A1-50CF1E710671}.Release|ARM.Deploy.0 = Release|Any CPU
		{63802E77-2B67-43CC-B2A1-50CF1E710671}.Release|ARM64.ActiveCfg = Release|Any CPU
		{63802E77-2B67-43CC-B2A1-50CF1E710671}.Release|ARM64.Build.0 = Release|Any CPU
		{63802E77-2B67-43CC-B2A1-50CF1E710671}.Release|ARM64.Deploy.0 = Release|Any CPU
		{63802E77-2B67-43CC-B2A1-50CF1E710671}.Release|x64.ActiveCfg = Release|x64
		{63802E77-2B67-43CC-B2A1-50CF1E710671}.Release|x64.Build.0 = Release|x64
		{63802E77-2B67-43CC-B2A1-50CF1E710671}.Release|x64.Deploy.0 = Release|x64
		{63802E77-2B67-43CC-B2A1-50CF1E710671}.Release|x86.ActiveCfg = Release|x86
		{63802E77-2B67-43CC-B2A1-50CF1E710671}.Release|x86.Build.0 = Release|x86
		{63802E77-2B67-43CC-B2A1-50CF1E710671}.Release|x86.Deploy.0 = Release|x86
	EndGlobalSection
	GlobalSection(SolutionProperties) = preSolution
		HideSolutionNode = FALSE
	EndGlobalSection
	GlobalSection(ExtensibilityGlobals) = postSolution
		SolutionGuid = {5CA34977-0A84-4E45-9B22-BF51B2311B36}
	EndGlobalSection
EndGlobal
